// !$*UTF8*$!
{
	archiveVersion = 1;
	classes = {
	};
	objectVersion = 56;
	objects = {

/* Begin PBXBuildFile section */
		D92DBFD32A90D27A00E52A20 /* ActiveRequest.swift in Sources */ = {isa = PBXBuildFile; fileRef = D92DBFD22A90D27A00E52A20 /* ActiveRequest.swift */; };
		D942FF872A9BAFD300E08F01 /* PastJourneyCell.swift in Sources */ = {isa = PBXBuildFile; fileRef = D942FF862A9BAFD300E08F01 /* PastJourneyCell.swift */; };
		D942FF8B2A9BB4ED00E08F01 /* PastJourneyDetailController.swift in Sources */ = {isa = PBXBuildFile; fileRef = D942FF8A2A9BB4ED00E08F01 /* PastJourneyDetailController.swift */; };
		D942FF8D2A9BB4FE00E08F01 /* PastJourneysController.swift in Sources */ = {isa = PBXBuildFile; fileRef = D942FF8C2A9BB4FE00E08F01 /* PastJourneysController.swift */; };
		D942FF8F2A9BB69700E08F01 /* CKPastJourneysClient.swift in Sources */ = {isa = PBXBuildFile; fileRef = D942FF8E2A9BB69700E08F01 /* CKPastJourneysClient.swift */; };
		D942FF912A9BB6EE00E08F01 /* PastJourney.swift in Sources */ = {isa = PBXBuildFile; fileRef = D942FF902A9BB6EE00E08F01 /* PastJourney.swift */; };
		D95085D32A8941E7008A27AB /* SegueTag.swift in Sources */ = {isa = PBXBuildFile; fileRef = D95085D22A8941E7008A27AB /* SegueTag.swift */; };
		D95085D52A89425D008A27AB /* RouteSelectionCell.swift in Sources */ = {isa = PBXBuildFile; fileRef = D95085D42A89425D008A27AB /* RouteSelectionCell.swift */; };
		D95085D72A8942B2008A27AB /* RouteSelectionController.swift in Sources */ = {isa = PBXBuildFile; fileRef = D95085D62A8942B2008A27AB /* RouteSelectionController.swift */; };
		D95085D92A8957B3008A27AB /* RouteSelectionDelegate.swift in Sources */ = {isa = PBXBuildFile; fileRef = D95085D82A8957B3008A27AB /* RouteSelectionDelegate.swift */; };
		D95085DB2A895BA6008A27AB /* CKPlacesClient.swift in Sources */ = {isa = PBXBuildFile; fileRef = D95085DA2A895BA6008A27AB /* CKPlacesClient.swift */; };
		D952A6C12A9A17A300745DE2 /* FirebaseAuth in Frameworks */ = {isa = PBXBuildFile; productRef = D952A6C02A9A17A300745DE2 /* FirebaseAuth */; };
		D952A6C32A9A17AA00745DE2 /* FirebaseFirestore in Frameworks */ = {isa = PBXBuildFile; productRef = D952A6C22A9A17AA00745DE2 /* FirebaseFirestore */; };
		D952A6C52A9A17B300745DE2 /* FirebaseFirestoreSwift in Frameworks */ = {isa = PBXBuildFile; productRef = D952A6C42A9A17B300745DE2 /* FirebaseFirestoreSwift */; };
		D952A6C72A9A17BB00745DE2 /* MessageKit in Frameworks */ = {isa = PBXBuildFile; productRef = D952A6C62A9A17BB00745DE2 /* MessageKit */; };
		D95972122A8A1C1A0069A446 /* CKMapsObjects.swift in Sources */ = {isa = PBXBuildFile; fileRef = D95972112A8A1C1A0069A446 /* CKMapsObjects.swift */; };
		D97B10FC2A8ED7BE00E7A38C /* CKRequestStatus.swift in Sources */ = {isa = PBXBuildFile; fileRef = D97B10FB2A8ED7BE00E7A38C /* CKRequestStatus.swift */; };
		D97B10FE2A8ED90E00E7A38C /* PendingRequest.swift in Sources */ = {isa = PBXBuildFile; fileRef = D97B10FD2A8ED90E00E7A38C /* PendingRequest.swift */; };
		D97B11002A8EDE2100E7A38C /* RideFareClient.swift in Sources */ = {isa = PBXBuildFile; fileRef = D97B10FF2A8EDE2100E7A38C /* RideFareClient.swift */; };
		D991E1012A98E2D700C74715 /* CKProfileClient.swift in Sources */ = {isa = PBXBuildFile; fileRef = D991E1002A98E2D700C74715 /* CKProfileClient.swift */; };
		D99D37782A8A7A2B00EE842F /* RiderStatus.swift in Sources */ = {isa = PBXBuildFile; fileRef = D99D37772A8A7A2B00EE842F /* RiderStatus.swift */; };
		D9A29B922A924D16005AA6FB /* CKRequestMessage.swift in Sources */ = {isa = PBXBuildFile; fileRef = D9A29B912A924D16005AA6FB /* CKRequestMessage.swift */; };
		D9A29B952A92646C005AA6FB /* RequestMessagesController.swift in Sources */ = {isa = PBXBuildFile; fileRef = D9A29B942A92646C005AA6FB /* RequestMessagesController.swift */; };
		D9A29B972A9264A6005AA6FB /* Sender.swift in Sources */ = {isa = PBXBuildFile; fileRef = D9A29B962A9264A6005AA6FB /* Sender.swift */; };
		D9A29B992A9264BA005AA6FB /* MessageViewModel.swift in Sources */ = {isa = PBXBuildFile; fileRef = D9A29B982A9264BA005AA6FB /* MessageViewModel.swift */; };
		D9ABCAC42A8E436000562073 /* RequestClient.swift in Sources */ = {isa = PBXBuildFile; fileRef = D9ABCAC32A8E436000562073 /* RequestClient.swift */; };
		D9ABCAC72A8E6E7F00562073 /* DriverAnnotationsManager.swift in Sources */ = {isa = PBXBuildFile; fileRef = D9ABCAC62A8E6E7F00562073 /* DriverAnnotationsManager.swift */; };
		D9ABCAC92A8E6F4400562073 /* CKDriverAnnotation.swift in Sources */ = {isa = PBXBuildFile; fileRef = D9ABCAC82A8E6F4400562073 /* CKDriverAnnotation.swift */; };
		D9B6AEED2A936CF600A91F51 /* RideClient.swift in Sources */ = {isa = PBXBuildFile; fileRef = D9B6AEEC2A936CF600A91F51 /* RideClient.swift */; };
		D9B6AEF02A93721F00A91F51 /* Ride.swift in Sources */ = {isa = PBXBuildFile; fileRef = D9B6AEEF2A93721F00A91F51 /* Ride.swift */; };
		D9B6AEF22A93723D00A91F51 /* CKRideStatus.swift in Sources */ = {isa = PBXBuildFile; fileRef = D9B6AEF12A93723D00A91F51 /* CKRideStatus.swift */; };
		D9C118802A8BEFF000201454 /* CKJourneyDelegate.swift in Sources */ = {isa = PBXBuildFile; fileRef = D9C1186B2A8BEFF000201454 /* CKJourneyDelegate.swift */; };
		D9C118812A8BEFF000201454 /* CKJourneyManager.swift in Sources */ = {isa = PBXBuildFile; fileRef = D9C1186C2A8BEFF000201454 /* CKJourneyManager.swift */; };
		D9C118822A8BEFF000201454 /* CKMapUtility.swift in Sources */ = {isa = PBXBuildFile; fileRef = D9C1186E2A8BEFF000201454 /* CKMapUtility.swift */; };
		D9C118832A8BEFF000201454 /* CKMapViewManager.swift in Sources */ = {isa = PBXBuildFile; fileRef = D9C1186F2A8BEFF000201454 /* CKMapViewManager.swift */; };
		D9C118842A8BEFF000201454 /* MKMultiPoint.swift in Sources */ = {isa = PBXBuildFile; fileRef = D9C118702A8BEFF000201454 /* MKMultiPoint.swift */; };
		D9C118852A8BEFF000201454 /* CKCheckpointAnnotation.swift in Sources */ = {isa = PBXBuildFile; fileRef = D9C118722A8BEFF000201454 /* CKCheckpointAnnotation.swift */; };
		D9C118862A8BEFF000201454 /* CKLocationAnnotation.swift in Sources */ = {isa = PBXBuildFile; fileRef = D9C118732A8BEFF000201454 /* CKLocationAnnotation.swift */; };
		D9C118872A8BEFF000201454 /* CKCoordinate.swift in Sources */ = {isa = PBXBuildFile; fileRef = D9C118742A8BEFF000201454 /* CKCoordinate.swift */; };
		D9C118882A8BEFF000201454 /* CKRouteSummary.swift in Sources */ = {isa = PBXBuildFile; fileRef = D9C118752A8BEFF000201454 /* CKRouteSummary.swift */; };
		D9C118892A8BEFF000201454 /* CKRider.swift in Sources */ = {isa = PBXBuildFile; fileRef = D9C118772A8BEFF000201454 /* CKRider.swift */; };
		D9C1188A2A8BEFF000201454 /* CKDriver.swift in Sources */ = {isa = PBXBuildFile; fileRef = D9C118782A8BEFF000201454 /* CKDriver.swift */; };
		D9C1188B2A8BEFF000201454 /* UIRoundedButton.swift in Sources */ = {isa = PBXBuildFile; fileRef = D9C1187A2A8BEFF000201454 /* UIRoundedButton.swift */; };
		D9C1188C2A8BEFF000201454 /* UIRoundedLabel.swift in Sources */ = {isa = PBXBuildFile; fileRef = D9C1187B2A8BEFF000201454 /* UIRoundedLabel.swift */; };
		D9C1188D2A8BEFF000201454 /* CountdownProgressView.swift in Sources */ = {isa = PBXBuildFile; fileRef = D9C1187C2A8BEFF000201454 /* CountdownProgressView.swift */; };
		D9C1188E2A8BEFF000201454 /* UIRoundedStackView.swift in Sources */ = {isa = PBXBuildFile; fileRef = D9C1187D2A8BEFF000201454 /* UIRoundedStackView.swift */; };
		D9C1188F2A8BEFF000201454 /* CKRouteSummaryClient.swift in Sources */ = {isa = PBXBuildFile; fileRef = D9C1187F2A8BEFF000201454 /* CKRouteSummaryClient.swift */; };
		D9C118912A8BF8DA00201454 /* RiderSettingsManager.swift in Sources */ = {isa = PBXBuildFile; fileRef = D9C118902A8BF8DA00201454 /* RiderSettingsManager.swift */; };
		D9CC651B2A88C986006B4ECD /* RideViewController.swift in Sources */ = {isa = PBXBuildFile; fileRef = D9CC651A2A88C986006B4ECD /* RideViewController.swift */; };
		D9D6F1C92A6D419D00E50957 /* AppDelegate.swift in Sources */ = {isa = PBXBuildFile; fileRef = D9D6F1C82A6D419D00E50957 /* AppDelegate.swift */; };
		D9D6F1CB2A6D419D00E50957 /* SceneDelegate.swift in Sources */ = {isa = PBXBuildFile; fileRef = D9D6F1CA2A6D419D00E50957 /* SceneDelegate.swift */; };
		D9D6F1D02A6D419D00E50957 /* Main.storyboard in Resources */ = {isa = PBXBuildFile; fileRef = D9D6F1CE2A6D419D00E50957 /* Main.storyboard */; };
		D9D6F1D22A6D419E00E50957 /* Assets.xcassets in Resources */ = {isa = PBXBuildFile; fileRef = D9D6F1D12A6D419E00E50957 /* Assets.xcassets */; };
		D9D6F1D52A6D419E00E50957 /* LaunchScreen.storyboard in Resources */ = {isa = PBXBuildFile; fileRef = D9D6F1D32A6D419E00E50957 /* LaunchScreen.storyboard */; };
		D9D6F1E42A6D4BDE00E50957 /* GoogleService-Info.plist in Resources */ = {isa = PBXBuildFile; fileRef = D9D6F1E32A6D4BDE00E50957 /* GoogleService-Info.plist */; };
		D9E5E0002A9B35C50034F813 /* CKRequestFetch.swift in Sources */ = {isa = PBXBuildFile; fileRef = D9E5DFFF2A9B35C50034F813 /* CKRequestFetch.swift */; };
		D9E5E0022A9B35CF0034F813 /* CKRideFetch.swift in Sources */ = {isa = PBXBuildFile; fileRef = D9E5E0012A9B35CF0034F813 /* CKRideFetch.swift */; };
		D9F442582A8FD7480017369A /* UIRoundedImageView.swift in Sources */ = {isa = PBXBuildFile; fileRef = D9F442572A8FD7480017369A /* UIRoundedImageView.swift */; };
		D9F4425A2A8FD9940017369A /* UIImageView.swift in Sources */ = {isa = PBXBuildFile; fileRef = D9F442592A8FD9940017369A /* UIImageView.swift */; };
/* End PBXBuildFile section */

/* Begin PBXFileReference section */
		D92DBFD22A90D27A00E52A20 /* ActiveRequest.swift */ = {isa = PBXFileReference; lastKnownFileType = sourcecode.swift; path = ActiveRequest.swift; sourceTree = "<group>"; };
		D942FF842A9BACF000E08F01 /* CabifyRider.app */ = {isa = PBXFileReference; explicitFileType = wrapper.application; includeInIndex = 0; name = CabifyRider.app; path = "/Users/farazmalik/Documents/Personal/iOS Projects/Cabify/build/Debug-iphoneos/CabifyRider.app"; sourceTree = "<absolute>"; };
		D942FF862A9BAFD300E08F01 /* PastJourneyCell.swift */ = {isa = PBXFileReference; lastKnownFileType = sourcecode.swift; path = PastJourneyCell.swift; sourceTree = "<group>"; };
		D942FF8A2A9BB4ED00E08F01 /* PastJourneyDetailController.swift */ = {isa = PBXFileReference; lastKnownFileType = sourcecode.swift; path = PastJourneyDetailController.swift; sourceTree = "<group>"; };
		D942FF8C2A9BB4FE00E08F01 /* PastJourneysController.swift */ = {isa = PBXFileReference; lastKnownFileType = sourcecode.swift; path = PastJourneysController.swift; sourceTree = "<group>"; };
		D942FF8E2A9BB69700E08F01 /* CKPastJourneysClient.swift */ = {isa = PBXFileReference; lastKnownFileType = sourcecode.swift; path = CKPastJourneysClient.swift; sourceTree = "<group>"; };
		D942FF902A9BB6EE00E08F01 /* PastJourney.swift */ = {isa = PBXFileReference; lastKnownFileType = sourcecode.swift; path = PastJourney.swift; sourceTree = "<group>"; };
		D95085D22A8941E7008A27AB /* SegueTag.swift */ = {isa = PBXFileReference; lastKnownFileType = sourcecode.swift; path = SegueTag.swift; sourceTree = "<group>"; };
		D95085D42A89425D008A27AB /* RouteSelectionCell.swift */ = {isa = PBXFileReference; lastKnownFileType = sourcecode.swift; path = RouteSelectionCell.swift; sourceTree = "<group>"; };
		D95085D62A8942B2008A27AB /* RouteSelectionController.swift */ = {isa = PBXFileReference; lastKnownFileType = sourcecode.swift; path = RouteSelectionController.swift; sourceTree = "<group>"; };
		D95085D82A8957B3008A27AB /* RouteSelectionDelegate.swift */ = {isa = PBXFileReference; lastKnownFileType = sourcecode.swift; path = RouteSelectionDelegate.swift; sourceTree = "<group>"; };
		D95085DA2A895BA6008A27AB /* CKPlacesClient.swift */ = {isa = PBXFileReference; lastKnownFileType = sourcecode.swift; path = CKPlacesClient.swift; sourceTree = "<group>"; };
		D95972112A8A1C1A0069A446 /* CKMapsObjects.swift */ = {isa = PBXFileReference; lastKnownFileType = sourcecode.swift; path = CKMapsObjects.swift; sourceTree = "<group>"; };
		D97B10FB2A8ED7BE00E7A38C /* CKRequestStatus.swift */ = {isa = PBXFileReference; fileEncoding = 4; lastKnownFileType = sourcecode.swift; path = CKRequestStatus.swift; sourceTree = "<group>"; };
		D97B10FD2A8ED90E00E7A38C /* PendingRequest.swift */ = {isa = PBXFileReference; lastKnownFileType = sourcecode.swift; path = PendingRequest.swift; sourceTree = "<group>"; };
		D97B10FF2A8EDE2100E7A38C /* RideFareClient.swift */ = {isa = PBXFileReference; lastKnownFileType = sourcecode.swift; path = RideFareClient.swift; sourceTree = "<group>"; };
		D991E1002A98E2D700C74715 /* CKProfileClient.swift */ = {isa = PBXFileReference; lastKnownFileType = sourcecode.swift; path = CKProfileClient.swift; sourceTree = "<group>"; };
		D99D37772A8A7A2B00EE842F /* RiderStatus.swift */ = {isa = PBXFileReference; lastKnownFileType = sourcecode.swift; path = RiderStatus.swift; sourceTree = "<group>"; };
		D9A29B912A924D16005AA6FB /* CKRequestMessage.swift */ = {isa = PBXFileReference; lastKnownFileType = sourcecode.swift; path = CKRequestMessage.swift; sourceTree = "<group>"; };
		D9A29B942A92646C005AA6FB /* RequestMessagesController.swift */ = {isa = PBXFileReference; lastKnownFileType = sourcecode.swift; path = RequestMessagesController.swift; sourceTree = "<group>"; };
		D9A29B962A9264A6005AA6FB /* Sender.swift */ = {isa = PBXFileReference; lastKnownFileType = sourcecode.swift; path = Sender.swift; sourceTree = "<group>"; };
		D9A29B982A9264BA005AA6FB /* MessageViewModel.swift */ = {isa = PBXFileReference; lastKnownFileType = sourcecode.swift; path = MessageViewModel.swift; sourceTree = "<group>"; };
		D9ABCAC32A8E436000562073 /* RequestClient.swift */ = {isa = PBXFileReference; lastKnownFileType = sourcecode.swift; path = RequestClient.swift; sourceTree = "<group>"; };
		D9ABCAC62A8E6E7F00562073 /* DriverAnnotationsManager.swift */ = {isa = PBXFileReference; lastKnownFileType = sourcecode.swift; path = DriverAnnotationsManager.swift; sourceTree = "<group>"; };
		D9ABCAC82A8E6F4400562073 /* CKDriverAnnotation.swift */ = {isa = PBXFileReference; lastKnownFileType = sourcecode.swift; path = CKDriverAnnotation.swift; sourceTree = "<group>"; };
		D9B6AEEC2A936CF600A91F51 /* RideClient.swift */ = {isa = PBXFileReference; lastKnownFileType = sourcecode.swift; path = RideClient.swift; sourceTree = "<group>"; };
		D9B6AEEF2A93721F00A91F51 /* Ride.swift */ = {isa = PBXFileReference; lastKnownFileType = sourcecode.swift; path = Ride.swift; sourceTree = "<group>"; };
		D9B6AEF12A93723D00A91F51 /* CKRideStatus.swift */ = {isa = PBXFileReference; lastKnownFileType = sourcecode.swift; path = CKRideStatus.swift; sourceTree = "<group>"; };
		D9C1186B2A8BEFF000201454 /* CKJourneyDelegate.swift */ = {isa = PBXFileReference; fileEncoding = 4; lastKnownFileType = sourcecode.swift; path = CKJourneyDelegate.swift; sourceTree = "<group>"; };
		D9C1186C2A8BEFF000201454 /* CKJourneyManager.swift */ = {isa = PBXFileReference; fileEncoding = 4; lastKnownFileType = sourcecode.swift; path = CKJourneyManager.swift; sourceTree = "<group>"; };
		D9C1186E2A8BEFF000201454 /* CKMapUtility.swift */ = {isa = PBXFileReference; fileEncoding = 4; lastKnownFileType = sourcecode.swift; path = CKMapUtility.swift; sourceTree = "<group>"; };
		D9C1186F2A8BEFF000201454 /* CKMapViewManager.swift */ = {isa = PBXFileReference; fileEncoding = 4; lastKnownFileType = sourcecode.swift; path = CKMapViewManager.swift; sourceTree = "<group>"; };
		D9C118702A8BEFF000201454 /* MKMultiPoint.swift */ = {isa = PBXFileReference; fileEncoding = 4; lastKnownFileType = sourcecode.swift; path = MKMultiPoint.swift; sourceTree = "<group>"; };
		D9C118722A8BEFF000201454 /* CKCheckpointAnnotation.swift */ = {isa = PBXFileReference; fileEncoding = 4; lastKnownFileType = sourcecode.swift; path = CKCheckpointAnnotation.swift; sourceTree = "<group>"; };
		D9C118732A8BEFF000201454 /* CKLocationAnnotation.swift */ = {isa = PBXFileReference; fileEncoding = 4; lastKnownFileType = sourcecode.swift; path = CKLocationAnnotation.swift; sourceTree = "<group>"; };
		D9C118742A8BEFF000201454 /* CKCoordinate.swift */ = {isa = PBXFileReference; fileEncoding = 4; lastKnownFileType = sourcecode.swift; path = CKCoordinate.swift; sourceTree = "<group>"; };
		D9C118752A8BEFF000201454 /* CKRouteSummary.swift */ = {isa = PBXFileReference; fileEncoding = 4; lastKnownFileType = sourcecode.swift; path = CKRouteSummary.swift; sourceTree = "<group>"; };
		D9C118772A8BEFF000201454 /* CKRider.swift */ = {isa = PBXFileReference; fileEncoding = 4; lastKnownFileType = sourcecode.swift; path = CKRider.swift; sourceTree = "<group>"; };
		D9C118782A8BEFF000201454 /* CKDriver.swift */ = {isa = PBXFileReference; fileEncoding = 4; lastKnownFileType = sourcecode.swift; path = CKDriver.swift; sourceTree = "<group>"; };
		D9C1187A2A8BEFF000201454 /* UIRoundedButton.swift */ = {isa = PBXFileReference; fileEncoding = 4; lastKnownFileType = sourcecode.swift; path = UIRoundedButton.swift; sourceTree = "<group>"; };
		D9C1187B2A8BEFF000201454 /* UIRoundedLabel.swift */ = {isa = PBXFileReference; fileEncoding = 4; lastKnownFileType = sourcecode.swift; path = UIRoundedLabel.swift; sourceTree = "<group>"; };
		D9C1187C2A8BEFF000201454 /* CountdownProgressView.swift */ = {isa = PBXFileReference; fileEncoding = 4; lastKnownFileType = sourcecode.swift; path = CountdownProgressView.swift; sourceTree = "<group>"; };
		D9C1187D2A8BEFF000201454 /* UIRoundedStackView.swift */ = {isa = PBXFileReference; fileEncoding = 4; lastKnownFileType = sourcecode.swift; path = UIRoundedStackView.swift; sourceTree = "<group>"; };
		D9C1187F2A8BEFF000201454 /* CKRouteSummaryClient.swift */ = {isa = PBXFileReference; fileEncoding = 4; lastKnownFileType = sourcecode.swift; path = CKRouteSummaryClient.swift; sourceTree = "<group>"; };
		D9C118902A8BF8DA00201454 /* RiderSettingsManager.swift */ = {isa = PBXFileReference; lastKnownFileType = sourcecode.swift; path = RiderSettingsManager.swift; sourceTree = "<group>"; };
		D9CC651A2A88C986006B4ECD /* RideViewController.swift */ = {isa = PBXFileReference; lastKnownFileType = sourcecode.swift; path = RideViewController.swift; sourceTree = "<group>"; };
		D9D6F1C82A6D419D00E50957 /* AppDelegate.swift */ = {isa = PBXFileReference; lastKnownFileType = sourcecode.swift; path = AppDelegate.swift; sourceTree = "<group>"; };
		D9D6F1CA2A6D419D00E50957 /* SceneDelegate.swift */ = {isa = PBXFileReference; lastKnownFileType = sourcecode.swift; path = SceneDelegate.swift; sourceTree = "<group>"; };
		D9D6F1CF2A6D419D00E50957 /* Base */ = {isa = PBXFileReference; lastKnownFileType = file.storyboard; name = Base; path = Base.lproj/Main.storyboard; sourceTree = "<group>"; };
		D9D6F1D12A6D419E00E50957 /* Assets.xcassets */ = {isa = PBXFileReference; lastKnownFileType = folder.assetcatalog; path = Assets.xcassets; sourceTree = "<group>"; };
		D9D6F1D42A6D419E00E50957 /* Base */ = {isa = PBXFileReference; lastKnownFileType = file.storyboard; name = Base; path = Base.lproj/LaunchScreen.storyboard; sourceTree = "<group>"; };
		D9D6F1D62A6D419E00E50957 /* Info.plist */ = {isa = PBXFileReference; lastKnownFileType = text.plist.xml; path = Info.plist; sourceTree = "<group>"; };
		D9D6F1E32A6D4BDE00E50957 /* GoogleService-Info.plist */ = {isa = PBXFileReference; fileEncoding = 4; lastKnownFileType = text.plist.xml; path = "GoogleService-Info.plist"; sourceTree = "<group>"; };
		D9E5DFFF2A9B35C50034F813 /* CKRequestFetch.swift */ = {isa = PBXFileReference; lastKnownFileType = sourcecode.swift; path = CKRequestFetch.swift; sourceTree = "<group>"; };
		D9E5E0012A9B35CF0034F813 /* CKRideFetch.swift */ = {isa = PBXFileReference; lastKnownFileType = sourcecode.swift; path = CKRideFetch.swift; sourceTree = "<group>"; };
		D9F442572A8FD7480017369A /* UIRoundedImageView.swift */ = {isa = PBXFileReference; lastKnownFileType = sourcecode.swift; path = UIRoundedImageView.swift; sourceTree = "<group>"; };
		D9F442592A8FD9940017369A /* UIImageView.swift */ = {isa = PBXFileReference; lastKnownFileType = sourcecode.swift; path = UIImageView.swift; sourceTree = "<group>"; };
/* End PBXFileReference section */

/* Begin PBXFrameworksBuildPhase section */
		D9D6F1C22A6D419D00E50957 /* Frameworks */ = {
			isa = PBXFrameworksBuildPhase;
			buildActionMask = 2147483647;
			files = (
				D952A6C12A9A17A300745DE2 /* FirebaseAuth in Frameworks */,
				D952A6C32A9A17AA00745DE2 /* FirebaseFirestore in Frameworks */,
				D952A6C52A9A17B300745DE2 /* FirebaseFirestoreSwift in Frameworks */,
				D952A6C72A9A17BB00745DE2 /* MessageKit in Frameworks */,
			);
			runOnlyForDeploymentPostprocessing = 0;
		};
/* End PBXFrameworksBuildPhase section */

/* Begin PBXGroup section */
		D90052392A7724970009D90A /* Auxilary */ = {
			isa = PBXGroup;
			children = (
				D9D6F1C82A6D419D00E50957 /* AppDelegate.swift */,
				D9D6F1CA2A6D419D00E50957 /* SceneDelegate.swift */,
			);
			path = Auxilary;
			sourceTree = "<group>";
		};
		D900523A2A7724A20009D90A /* App */ = {
			isa = PBXGroup;
			children = (
				D9CC65182A88C964006B4ECD /* Profile */,
				D942FF852A9BAFBC00E08F01 /* PastJourneys */,
				D9CC65192A88C96A006B4ECD /* Ride */,
				D95085D12A8941D4008A27AB /* Utilities */,
			);
			path = App;
			sourceTree = "<group>";
		};
		D942FF852A9BAFBC00E08F01 /* PastJourneys */ = {
			isa = PBXGroup;
			children = (
				D942FF862A9BAFD300E08F01 /* PastJourneyCell.swift */,
				D942FF8A2A9BB4ED00E08F01 /* PastJourneyDetailController.swift */,
				D942FF8C2A9BB4FE00E08F01 /* PastJourneysController.swift */,
				D942FF902A9BB6EE00E08F01 /* PastJourney.swift */,
			);
			path = PastJourneys;
			sourceTree = "<group>";
		};
		D942FF922A9BC8D100E08F01 /* Database */ = {
			isa = PBXGroup;
			children = (
				D942FF952A9BC92800E08F01 /* Ride */,
				D942FF942A9BC91B00E08F01 /* Request */,
				D942FF932A9BC8E300E08F01 /* PastJourneys */,
				D9A29B902A924C8A005AA6FB /* Message */,
			);
			path = Database;
			sourceTree = "<group>";
		};
		D942FF932A9BC8E300E08F01 /* PastJourneys */ = {
			isa = PBXGroup;
			children = (
				D942FF8E2A9BB69700E08F01 /* CKPastJourneysClient.swift */,
			);
			path = PastJourneys;
			sourceTree = "<group>";
		};
		D942FF942A9BC91B00E08F01 /* Request */ = {
			isa = PBXGroup;
			children = (
				D97B10FB2A8ED7BE00E7A38C /* CKRequestStatus.swift */,
				D9E5DFFF2A9B35C50034F813 /* CKRequestFetch.swift */,
			);
			path = Request;
			sourceTree = "<group>";
		};
		D942FF952A9BC92800E08F01 /* Ride */ = {
			isa = PBXGroup;
			children = (
				D9B6AEF12A93723D00A91F51 /* CKRideStatus.swift */,
				D9E5E0012A9B35CF0034F813 /* CKRideFetch.swift */,
			);
			path = Ride;
			sourceTree = "<group>";
		};
		D95085D02A8941B4008A27AB /* RouteSelection */ = {
			isa = PBXGroup;
			children = (
				D95972102A8A1AC50069A446 /* PlaceAutocomplete */,
				D95085D42A89425D008A27AB /* RouteSelectionCell.swift */,
				D95085D62A8942B2008A27AB /* RouteSelectionController.swift */,
				D95085D82A8957B3008A27AB /* RouteSelectionDelegate.swift */,
			);
			path = RouteSelection;
			sourceTree = "<group>";
		};
		D95085D12A8941D4008A27AB /* Utilities */ = {
			isa = PBXGroup;
			children = (
				D95085D22A8941E7008A27AB /* SegueTag.swift */,
				D9F442592A8FD9940017369A /* UIImageView.swift */,
			);
			path = Utilities;
			sourceTree = "<group>";
		};
		D952A6BF2A9A17A300745DE2 /* Frameworks */ = {
			isa = PBXGroup;
			children = (
			);
			name = Frameworks;
			sourceTree = "<group>";
		};
		D95972102A8A1AC50069A446 /* PlaceAutocomplete */ = {
			isa = PBXGroup;
			children = (
			);
			path = PlaceAutocomplete;
			sourceTree = "<group>";
		};
		D99D37762A8A7A2200EE842F /* Rider */ = {
			isa = PBXGroup;
			children = (
				D99D37772A8A7A2B00EE842F /* RiderStatus.swift */,
				D9C118902A8BF8DA00201454 /* RiderSettingsManager.swift */,
			);
			path = Rider;
			sourceTree = "<group>";
		};
		D9A29B902A924C8A005AA6FB /* Message */ = {
			isa = PBXGroup;
			children = (
				D9A29B912A924D16005AA6FB /* CKRequestMessage.swift */,
			);
			path = Message;
			sourceTree = "<group>";
		};
		D9A29B932A926458005AA6FB /* Chat */ = {
			isa = PBXGroup;
			children = (
				D9A29B942A92646C005AA6FB /* RequestMessagesController.swift */,
				D9A29B962A9264A6005AA6FB /* Sender.swift */,
				D9A29B982A9264BA005AA6FB /* MessageViewModel.swift */,
			);
			path = Chat;
			sourceTree = "<group>";
		};
		D9ABCAC02A8E432C00562073 /* Database */ = {
			isa = PBXGroup;
			children = (
				D9ABCAC12A8E433200562073 /* Request */,
				D9B6AEEB2A936CE900A91F51 /* Ride */,
			);
			path = Database;
			sourceTree = "<group>";
		};
		D9ABCAC12A8E433200562073 /* Request */ = {
			isa = PBXGroup;
			children = (
				D9ABCAC22A8E435200562073 /* RequestObjects */,
				D9ABCAC32A8E436000562073 /* RequestClient.swift */,
			);
			path = Request;
			sourceTree = "<group>";
		};
		D9ABCAC22A8E435200562073 /* RequestObjects */ = {
			isa = PBXGroup;
			children = (
				D97B10FD2A8ED90E00E7A38C /* PendingRequest.swift */,
				D92DBFD22A90D27A00E52A20 /* ActiveRequest.swift */,
			);
			path = RequestObjects;
			sourceTree = "<group>";
		};
		D9ABCAC52A8E6DEE00562073 /* Map */ = {
			isa = PBXGroup;
			children = (
				D9ABCAC62A8E6E7F00562073 /* DriverAnnotationsManager.swift */,
			);
			path = Map;
			sourceTree = "<group>";
		};
		D9B6AEEB2A936CE900A91F51 /* Ride */ = {
			isa = PBXGroup;
			children = (
				D9B6AEEE2A9371FA00A91F51 /* RideObjects */,
				D97B10FF2A8EDE2100E7A38C /* RideFareClient.swift */,
				D9B6AEEC2A936CF600A91F51 /* RideClient.swift */,
			);
			path = Ride;
			sourceTree = "<group>";
		};
		D9B6AEEE2A9371FA00A91F51 /* RideObjects */ = {
			isa = PBXGroup;
			children = (
				D9B6AEEF2A93721F00A91F51 /* Ride.swift */,
			);
			path = RideObjects;
			sourceTree = "<group>";
		};
		D9C118692A8BEFF000201454 /* CabifyKit */ = {
			isa = PBXGroup;
			children = (
				D942FF922A9BC8D100E08F01 /* Database */,
				D9C1186A2A8BEFF000201454 /* Journey */,
				D9C1186D2A8BEFF000201454 /* Map */,
				D9C118762A8BEFF000201454 /* Profile */,
				D9C118792A8BEFF000201454 /* View */,
				D9C1187E2A8BEFF000201454 /* Client */,
			);
			path = CabifyKit;
			sourceTree = "<group>";
		};
		D9C1186A2A8BEFF000201454 /* Journey */ = {
			isa = PBXGroup;
			children = (
				D9C1186B2A8BEFF000201454 /* CKJourneyDelegate.swift */,
				D9C1186C2A8BEFF000201454 /* CKJourneyManager.swift */,
			);
			path = Journey;
			sourceTree = "<group>";
		};
		D9C1186D2A8BEFF000201454 /* Map */ = {
			isa = PBXGroup;
			children = (
				D9C1186E2A8BEFF000201454 /* CKMapUtility.swift */,
				D9C1186F2A8BEFF000201454 /* CKMapViewManager.swift */,
				D9C118702A8BEFF000201454 /* MKMultiPoint.swift */,
				D9C118712A8BEFF000201454 /* Annotations */,
				D9C118742A8BEFF000201454 /* CKCoordinate.swift */,
				D9C118752A8BEFF000201454 /* CKRouteSummary.swift */,
				D95972112A8A1C1A0069A446 /* CKMapsObjects.swift */,
			);
			path = Map;
			sourceTree = "<group>";
		};
		D9C118712A8BEFF000201454 /* Annotations */ = {
			isa = PBXGroup;
			children = (
				D9ABCAC82A8E6F4400562073 /* CKDriverAnnotation.swift */,
				D9C118722A8BEFF000201454 /* CKCheckpointAnnotation.swift */,
				D9C118732A8BEFF000201454 /* CKLocationAnnotation.swift */,
			);
			path = Annotations;
			sourceTree = "<group>";
		};
		D9C118762A8BEFF000201454 /* Profile */ = {
			isa = PBXGroup;
			children = (
				D9C118772A8BEFF000201454 /* CKRider.swift */,
				D9C118782A8BEFF000201454 /* CKDriver.swift */,
				D991E1002A98E2D700C74715 /* CKProfileClient.swift */,
			);
			path = Profile;
			sourceTree = "<group>";
		};
		D9C118792A8BEFF000201454 /* View */ = {
			isa = PBXGroup;
			children = (
				D9C1187A2A8BEFF000201454 /* UIRoundedButton.swift */,
				D9C1187B2A8BEFF000201454 /* UIRoundedLabel.swift */,
				D9C1187C2A8BEFF000201454 /* CountdownProgressView.swift */,
				D9C1187D2A8BEFF000201454 /* UIRoundedStackView.swift */,
				D9F442572A8FD7480017369A /* UIRoundedImageView.swift */,
			);
			path = View;
			sourceTree = "<group>";
		};
		D9C1187E2A8BEFF000201454 /* Client */ = {
			isa = PBXGroup;
			children = (
				D95085DA2A895BA6008A27AB /* CKPlacesClient.swift */,
				D9C1187F2A8BEFF000201454 /* CKRouteSummaryClient.swift */,
			);
			path = Client;
			sourceTree = "<group>";
		};
		D9CC65182A88C964006B4ECD /* Profile */ = {
			isa = PBXGroup;
			children = (
				D99D37762A8A7A2200EE842F /* Rider */,
			);
			path = Profile;
			sourceTree = "<group>";
		};
		D9CC65192A88C96A006B4ECD /* Ride */ = {
			isa = PBXGroup;
			children = (
				D9A29B932A926458005AA6FB /* Chat */,
				D9ABCAC52A8E6DEE00562073 /* Map */,
				D9ABCAC02A8E432C00562073 /* Database */,
				D95085D02A8941B4008A27AB /* RouteSelection */,
				D9CC651A2A88C986006B4ECD /* RideViewController.swift */,
			);
			path = Ride;
			sourceTree = "<group>";
		};
		D9D6F1BC2A6D419D00E50957 = {
			isa = PBXGroup;
			children = (
				D9D6F1C72A6D419D00E50957 /* CabifyRider */,
				D952A6BF2A9A17A300745DE2 /* Frameworks */,
			);
			sourceTree = "<group>";
		};
		D9D6F1C72A6D419D00E50957 /* CabifyRider */ = {
			isa = PBXGroup;
			children = (
				D9C118692A8BEFF000201454 /* CabifyKit */,
				D90052392A7724970009D90A /* Auxilary */,
				D900523A2A7724A20009D90A /* App */,
				D9D6F1CE2A6D419D00E50957 /* Main.storyboard */,
				D9D6F1D32A6D419E00E50957 /* LaunchScreen.storyboard */,
				D9D6F1D12A6D419E00E50957 /* Assets.xcassets */,
				D9D6F1E32A6D4BDE00E50957 /* GoogleService-Info.plist */,
				D9D6F1D62A6D419E00E50957 /* Info.plist */,
			);
			path = CabifyRider;
			sourceTree = "<group>";
		};
/* End PBXGroup section */

/* Begin PBXNativeTarget section */
		D9D6F1C42A6D419D00E50957 /* CabifyRider */ = {
			isa = PBXNativeTarget;
			buildConfigurationList = D9D6F1D92A6D419E00E50957 /* Build configuration list for PBXNativeTarget "CabifyRider" */;
			buildPhases = (
				D9D6F1C12A6D419D00E50957 /* Sources */,
				D9D6F1C22A6D419D00E50957 /* Frameworks */,
				D9D6F1C32A6D419D00E50957 /* Resources */,
			);
			buildRules = (
			);
			dependencies = (
			);
			name = CabifyRider;
			packageProductDependencies = (
				D952A6C02A9A17A300745DE2 /* FirebaseAuth */,
				D952A6C22A9A17AA00745DE2 /* FirebaseFirestore */,
				D952A6C42A9A17B300745DE2 /* FirebaseFirestoreSwift */,
				D952A6C62A9A17BB00745DE2 /* MessageKit */,
			);
			productName = CabifyRider;
			productReference = D942FF842A9BACF000E08F01 /* CabifyRider.app */;
			productType = "com.apple.product-type.application";
		};
/* End PBXNativeTarget section */

/* Begin PBXProject section */
		D9D6F1BD2A6D419D00E50957 /* Project object */ = {
			isa = PBXProject;
			attributes = {
				BuildIndependentTargetsInParallel = 1;
				LastSwiftUpdateCheck = 1430;
				LastUpgradeCheck = 1430;
				TargetAttributes = {
					D9D6F1C42A6D419D00E50957 = {
						CreatedOnToolsVersion = 14.3.1;
					};
				};
			};
			buildConfigurationList = D9D6F1C02A6D419D00E50957 /* Build configuration list for PBXProject "CabifyRider" */;
			compatibilityVersion = "Xcode 14.0";
			developmentRegion = en;
			hasScannedForEncodings = 0;
			knownRegions = (
				en,
				Base,
			);
			mainGroup = D9D6F1BC2A6D419D00E50957;
			packageReferences = (
				D9A9ADFD2A88010000955603 /* XCRemoteSwiftPackageReference "firebase-ios-sdk" */,
				D9A29B9A2A9267F0005AA6FB /* XCRemoteSwiftPackageReference "MessageKit" */,
			);
			productRefGroup = D9D6F1BC2A6D419D00E50957;
			projectDirPath = "";
			projectRoot = "";
			targets = (
				D9D6F1C42A6D419D00E50957 /* CabifyRider */,
			);
		};
/* End PBXProject section */

/* Begin PBXResourcesBuildPhase section */
		D9D6F1C32A6D419D00E50957 /* Resources */ = {
			isa = PBXResourcesBuildPhase;
			buildActionMask = 2147483647;
			files = (
				D9D6F1D52A6D419E00E50957 /* LaunchScreen.storyboard in Resources */,
				D9D6F1E42A6D4BDE00E50957 /* GoogleService-Info.plist in Resources */,
				D9D6F1D22A6D419E00E50957 /* Assets.xcassets in Resources */,
				D9D6F1D02A6D419D00E50957 /* Main.storyboard in Resources */,
			);
			runOnlyForDeploymentPostprocessing = 0;
		};
/* End PBXResourcesBuildPhase section */

/* Begin PBXSourcesBuildPhase section */
		D9D6F1C12A6D419D00E50957 /* Sources */ = {
			isa = PBXSourcesBuildPhase;
			buildActionMask = 2147483647;
			files = (
				D95085D52A89425D008A27AB /* RouteSelectionCell.swift in Sources */,
				D9A29B922A924D16005AA6FB /* CKRequestMessage.swift in Sources */,
				D9A29B992A9264BA005AA6FB /* MessageViewModel.swift in Sources */,
				D95085D92A8957B3008A27AB /* RouteSelectionDelegate.swift in Sources */,
				D942FF8D2A9BB4FE00E08F01 /* PastJourneysController.swift in Sources */,
				D9D6F1C92A6D419D00E50957 /* AppDelegate.swift in Sources */,
				D9C118802A8BEFF000201454 /* CKJourneyDelegate.swift in Sources */,
				D991E1012A98E2D700C74715 /* CKProfileClient.swift in Sources */,
				D9ABCAC92A8E6F4400562073 /* CKDriverAnnotation.swift in Sources */,
				D9ABCAC72A8E6E7F00562073 /* DriverAnnotationsManager.swift in Sources */,
				D9B6AEED2A936CF600A91F51 /* RideClient.swift in Sources */,
				D9D6F1CB2A6D419D00E50957 /* SceneDelegate.swift in Sources */,
				D9C1188F2A8BEFF000201454 /* CKRouteSummaryClient.swift in Sources */,
				D9F442582A8FD7480017369A /* UIRoundedImageView.swift in Sources */,
				D95972122A8A1C1A0069A446 /* CKMapsObjects.swift in Sources */,
				D9C118812A8BEFF000201454 /* CKJourneyManager.swift in Sources */,
				D9CC651B2A88C986006B4ECD /* RideViewController.swift in Sources */,
				D9A29B972A9264A6005AA6FB /* Sender.swift in Sources */,
				D9C118862A8BEFF000201454 /* CKLocationAnnotation.swift in Sources */,
				D9B6AEF22A93723D00A91F51 /* CKRideStatus.swift in Sources */,
				D9C1188E2A8BEFF000201454 /* UIRoundedStackView.swift in Sources */,
				D9C118872A8BEFF000201454 /* CKCoordinate.swift in Sources */,
				D942FF872A9BAFD300E08F01 /* PastJourneyCell.swift in Sources */,
				D9C118882A8BEFF000201454 /* CKRouteSummary.swift in Sources */,
				D9A29B952A92646C005AA6FB /* RequestMessagesController.swift in Sources */,
				D9F4425A2A8FD9940017369A /* UIImageView.swift in Sources */,
				D9C118852A8BEFF000201454 /* CKCheckpointAnnotation.swift in Sources */,
				D9ABCAC42A8E436000562073 /* RequestClient.swift in Sources */,
				D9C118892A8BEFF000201454 /* CKRider.swift in Sources */,
				D99D37782A8A7A2B00EE842F /* RiderStatus.swift in Sources */,
				D9E5E0022A9B35CF0034F813 /* CKRideFetch.swift in Sources */,
				D9E5E0002A9B35C50034F813 /* CKRequestFetch.swift in Sources */,
				D9C118832A8BEFF000201454 /* CKMapViewManager.swift in Sources */,
				D942FF912A9BB6EE00E08F01 /* PastJourney.swift in Sources */,
				D9C1188D2A8BEFF000201454 /* CountdownProgressView.swift in Sources */,
				D9C1188A2A8BEFF000201454 /* CKDriver.swift in Sources */,
				D942FF8F2A9BB69700E08F01 /* CKPastJourneysClient.swift in Sources */,
				D97B10FC2A8ED7BE00E7A38C /* CKRequestStatus.swift in Sources */,
				D942FF8B2A9BB4ED00E08F01 /* PastJourneyDetailController.swift in Sources */,
				D97B11002A8EDE2100E7A38C /* RideFareClient.swift in Sources */,
				D95085D72A8942B2008A27AB /* RouteSelectionController.swift in Sources */,
				D9C1188B2A8BEFF000201454 /* UIRoundedButton.swift in Sources */,
				D9C118912A8BF8DA00201454 /* RiderSettingsManager.swift in Sources */,
				D9C118822A8BEFF000201454 /* CKMapUtility.swift in Sources */,
				D95085D32A8941E7008A27AB /* SegueTag.swift in Sources */,
				D9C118842A8BEFF000201454 /* MKMultiPoint.swift in Sources */,
				D97B10FE2A8ED90E00E7A38C /* PendingRequest.swift in Sources */,
				D95085DB2A895BA6008A27AB /* CKPlacesClient.swift in Sources */,
				D9C1188C2A8BEFF000201454 /* UIRoundedLabel.swift in Sources */,
				D92DBFD32A90D27A00E52A20 /* ActiveRequest.swift in Sources */,
				D9B6AEF02A93721F00A91F51 /* Ride.swift in Sources */,
			);
			runOnlyForDeploymentPostprocessing = 0;
		};
/* End PBXSourcesBuildPhase section */

/* Begin PBXVariantGroup section */
		D9D6F1CE2A6D419D00E50957 /* Main.storyboard */ = {
			isa = PBXVariantGroup;
			children = (
				D9D6F1CF2A6D419D00E50957 /* Base */,
			);
			name = Main.storyboard;
			sourceTree = "<group>";
		};
		D9D6F1D32A6D419E00E50957 /* LaunchScreen.storyboard */ = {
			isa = PBXVariantGroup;
			children = (
				D9D6F1D42A6D419E00E50957 /* Base */,
			);
			name = LaunchScreen.storyboard;
			sourceTree = "<group>";
		};
/* End PBXVariantGroup section */

/* Begin XCBuildConfiguration section */
		D9D6F1D72A6D419E00E50957 /* Debug */ = {
			isa = XCBuildConfiguration;
			buildSettings = {
				ALWAYS_SEARCH_USER_PATHS = NO;
				CLANG_ANALYZER_NONNULL = YES;
				CLANG_ANALYZER_NUMBER_OBJECT_CONVERSION = YES_AGGRESSIVE;
				CLANG_CXX_LANGUAGE_STANDARD = "gnu++20";
				CLANG_ENABLE_MODULES = YES;
				CLANG_ENABLE_OBJC_ARC = YES;
				CLANG_ENABLE_OBJC_WEAK = YES;
				CLANG_WARN_BLOCK_CAPTURE_AUTORELEASING = YES;
				CLANG_WARN_BOOL_CONVERSION = YES;
				CLANG_WARN_COMMA = YES;
				CLANG_WARN_CONSTANT_CONVERSION = YES;
				CLANG_WARN_DEPRECATED_OBJC_IMPLEMENTATIONS = YES;
				CLANG_WARN_DIRECT_OBJC_ISA_USAGE = YES_ERROR;
				CLANG_WARN_DOCUMENTATION_COMMENTS = YES;
				CLANG_WARN_EMPTY_BODY = YES;
				CLANG_WARN_ENUM_CONVERSION = YES;
				CLANG_WARN_INFINITE_RECURSION = YES;
				CLANG_WARN_INT_CONVERSION = YES;
				CLANG_WARN_NON_LITERAL_NULL_CONVERSION = YES;
				CLANG_WARN_OBJC_IMPLICIT_RETAIN_SELF = YES;
				CLANG_WARN_OBJC_LITERAL_CONVERSION = YES;
				CLANG_WARN_OBJC_ROOT_CLASS = YES_ERROR;
				CLANG_WARN_QUOTED_INCLUDE_IN_FRAMEWORK_HEADER = YES;
				CLANG_WARN_RANGE_LOOP_ANALYSIS = YES;
				CLANG_WARN_STRICT_PROTOTYPES = YES;
				CLANG_WARN_SUSPICIOUS_MOVE = YES;
				CLANG_WARN_UNGUARDED_AVAILABILITY = YES_AGGRESSIVE;
				CLANG_WARN_UNREACHABLE_CODE = YES;
				CLANG_WARN__DUPLICATE_METHOD_MATCH = YES;
				COPY_PHASE_STRIP = NO;
				DEBUG_INFORMATION_FORMAT = dwarf;
				ENABLE_STRICT_OBJC_MSGSEND = YES;
				ENABLE_TESTABILITY = YES;
				GCC_C_LANGUAGE_STANDARD = gnu11;
				GCC_DYNAMIC_NO_PIC = NO;
				GCC_NO_COMMON_BLOCKS = YES;
				GCC_OPTIMIZATION_LEVEL = 0;
				GCC_PREPROCESSOR_DEFINITIONS = (
					"DEBUG=1",
					"$(inherited)",
				);
				GCC_WARN_64_TO_32_BIT_CONVERSION = YES;
				GCC_WARN_ABOUT_RETURN_TYPE = YES_ERROR;
				GCC_WARN_UNDECLARED_SELECTOR = YES;
				GCC_WARN_UNINITIALIZED_AUTOS = YES_AGGRESSIVE;
				GCC_WARN_UNUSED_FUNCTION = YES;
				GCC_WARN_UNUSED_VARIABLE = YES;
				IPHONEOS_DEPLOYMENT_TARGET = 16.4;
				MTL_ENABLE_DEBUG_INFO = INCLUDE_SOURCE;
				MTL_FAST_MATH = YES;
				ONLY_ACTIVE_ARCH = YES;
				SDKROOT = iphoneos;
				SWIFT_ACTIVE_COMPILATION_CONDITIONS = DEBUG;
				SWIFT_OPTIMIZATION_LEVEL = "-Onone";
			};
			name = Debug;
		};
		D9D6F1D82A6D419E00E50957 /* Release */ = {
			isa = XCBuildConfiguration;
			buildSettings = {
				ALWAYS_SEARCH_USER_PATHS = NO;
				CLANG_ANALYZER_NONNULL = YES;
				CLANG_ANALYZER_NUMBER_OBJECT_CONVERSION = YES_AGGRESSIVE;
				CLANG_CXX_LANGUAGE_STANDARD = "gnu++20";
				CLANG_ENABLE_MODULES = YES;
				CLANG_ENABLE_OBJC_ARC = YES;
				CLANG_ENABLE_OBJC_WEAK = YES;
				CLANG_WARN_BLOCK_CAPTURE_AUTORELEASING = YES;
				CLANG_WARN_BOOL_CONVERSION = YES;
				CLANG_WARN_COMMA = YES;
				CLANG_WARN_CONSTANT_CONVERSION = YES;
				CLANG_WARN_DEPRECATED_OBJC_IMPLEMENTATIONS = YES;
				CLANG_WARN_DIRECT_OBJC_ISA_USAGE = YES_ERROR;
				CLANG_WARN_DOCUMENTATION_COMMENTS = YES;
				CLANG_WARN_EMPTY_BODY = YES;
				CLANG_WARN_ENUM_CONVERSION = YES;
				CLANG_WARN_INFINITE_RECURSION = YES;
				CLANG_WARN_INT_CONVERSION = YES;
				CLANG_WARN_NON_LITERAL_NULL_CONVERSION = YES;
				CLANG_WARN_OBJC_IMPLICIT_RETAIN_SELF = YES;
				CLANG_WARN_OBJC_LITERAL_CONVERSION = YES;
				CLANG_WARN_OBJC_ROOT_CLASS = YES_ERROR;
				CLANG_WARN_QUOTED_INCLUDE_IN_FRAMEWORK_HEADER = YES;
				CLANG_WARN_RANGE_LOOP_ANALYSIS = YES;
				CLANG_WARN_STRICT_PROTOTYPES = YES;
				CLANG_WARN_SUSPICIOUS_MOVE = YES;
				CLANG_WARN_UNGUARDED_AVAILABILITY = YES_AGGRESSIVE;
				CLANG_WARN_UNREACHABLE_CODE = YES;
				CLANG_WARN__DUPLICATE_METHOD_MATCH = YES;
				COPY_PHASE_STRIP = NO;
				DEBUG_INFORMATION_FORMAT = "dwarf-with-dsym";
				ENABLE_NS_ASSERTIONS = NO;
				ENABLE_STRICT_OBJC_MSGSEND = YES;
				GCC_C_LANGUAGE_STANDARD = gnu11;
				GCC_NO_COMMON_BLOCKS = YES;
				GCC_WARN_64_TO_32_BIT_CONVERSION = YES;
				GCC_WARN_ABOUT_RETURN_TYPE = YES_ERROR;
				GCC_WARN_UNDECLARED_SELECTOR = YES;
				GCC_WARN_UNINITIALIZED_AUTOS = YES_AGGRESSIVE;
				GCC_WARN_UNUSED_FUNCTION = YES;
				GCC_WARN_UNUSED_VARIABLE = YES;
				IPHONEOS_DEPLOYMENT_TARGET = 16.4;
				MTL_ENABLE_DEBUG_INFO = NO;
				MTL_FAST_MATH = YES;
				SDKROOT = iphoneos;
				SWIFT_COMPILATION_MODE = wholemodule;
				SWIFT_OPTIMIZATION_LEVEL = "-O";
				VALIDATE_PRODUCT = YES;
			};
			name = Release;
		};
		D9D6F1DA2A6D419E00E50957 /* Debug */ = {
			isa = XCBuildConfiguration;
			buildSettings = {
				ASSETCATALOG_COMPILER_APPICON_NAME = AppIcon;
				ASSETCATALOG_COMPILER_GLOBAL_ACCENT_COLOR_NAME = AccentColor;
				CODE_SIGN_STYLE = Automatic;
				CURRENT_PROJECT_VERSION = 1;
				DEVELOPMENT_TEAM = WVYS68J2L5;
				GENERATE_INFOPLIST_FILE = YES;
				INFOPLIST_FILE = CabifyRider/Info.plist;
				INFOPLIST_KEY_CFBundleDisplayName = Cabify;
				INFOPLIST_KEY_LSApplicationCategoryType = "public.app-category.travel";
				INFOPLIST_KEY_UIApplicationSupportsIndirectInputEvents = YES;
				INFOPLIST_KEY_UILaunchStoryboardName = LaunchScreen;
				INFOPLIST_KEY_UIMainStoryboardFile = Main;
				INFOPLIST_KEY_UISupportedInterfaceOrientations = UIInterfaceOrientationPortrait;
				INFOPLIST_KEY_UISupportedInterfaceOrientations_iPad = "UIInterfaceOrientationLandscapeLeft UIInterfaceOrientationLandscapeRight UIInterfaceOrientationPortrait UIInterfaceOrientationPortraitUpsideDown";
				LD_RUNPATH_SEARCH_PATHS = (
					"$(inherited)",
					"@executable_path/Frameworks",
				);
				MARKETING_VERSION = 1.0;
				PRODUCT_BUNDLE_IDENTIFIER = com.FMEnterprises.CabifyRider;
				PRODUCT_NAME = "$(TARGET_NAME)";
				SUPPORTED_PLATFORMS = "iphoneos iphonesimulator";
				SUPPORTS_MACCATALYST = NO;
				SUPPORTS_MAC_DESIGNED_FOR_IPHONE_IPAD = NO;
				SWIFT_EMIT_LOC_STRINGS = YES;
				SWIFT_VERSION = 5.0;
				TARGETED_DEVICE_FAMILY = 1;
			};
			name = Debug;
		};
		D9D6F1DB2A6D419E00E50957 /* Release */ = {
			isa = XCBuildConfiguration;
			buildSettings = {
				ASSETCATALOG_COMPILER_APPICON_NAME = AppIcon;
				ASSETCATALOG_COMPILER_GLOBAL_ACCENT_COLOR_NAME = AccentColor;
				CODE_SIGN_STYLE = Automatic;
				CURRENT_PROJECT_VERSION = 1;
				DEVELOPMENT_TEAM = WVYS68J2L5;
				GENERATE_INFOPLIST_FILE = YES;
				INFOPLIST_FILE = CabifyRider/Info.plist;
				INFOPLIST_KEY_CFBundleDisplayName = Cabify;
				INFOPLIST_KEY_LSApplicationCategoryType = "public.app-category.travel";
				INFOPLIST_KEY_UIApplicationSupportsIndirectInputEvents = YES;
				INFOPLIST_KEY_UILaunchStoryboardName = LaunchScreen;
				INFOPLIST_KEY_UIMainStoryboardFile = Main;
				INFOPLIST_KEY_UISupportedInterfaceOrientations = UIInterfaceOrientationPortrait;
				INFOPLIST_KEY_UISupportedInterfaceOrientations_iPad = "UIInterfaceOrientationLandscapeLeft UIInterfaceOrientationLandscapeRight UIInterfaceOrientationPortrait UIInterfaceOrientationPortraitUpsideDown";
				LD_RUNPATH_SEARCH_PATHS = (
					"$(inherited)",
					"@executable_path/Frameworks",
				);
				MARKETING_VERSION = 1.0;
				PRODUCT_BUNDLE_IDENTIFIER = com.FMEnterprises.CabifyRider;
				PRODUCT_NAME = "$(TARGET_NAME)";
				SUPPORTED_PLATFORMS = "iphoneos iphonesimulator";
				SUPPORTS_MACCATALYST = NO;
				SUPPORTS_MAC_DESIGNED_FOR_IPHONE_IPAD = NO;
				SWIFT_EMIT_LOC_STRINGS = YES;
				SWIFT_VERSION = 5.0;
				TARGETED_DEVICE_FAMILY = 1;
			};
			name = Release;
		};
/* End XCBuildConfiguration section */

/* Begin XCConfigurationList section */
		D9D6F1C02A6D419D00E50957 /* Build configuration list for PBXProject "CabifyRider" */ = {
			isa = XCConfigurationList;
			buildConfigurations = (
				D9D6F1D72A6D419E00E50957 /* Debug */,
				D9D6F1D82A6D419E00E50957 /* Release */,
			);
			defaultConfigurationIsVisible = 0;
			defaultConfigurationName = Release;
		};
		D9D6F1D92A6D419E00E50957 /* Build configuration list for PBXNativeTarget "CabifyRider" */ = {
			isa = XCConfigurationList;
			buildConfigurations = (
				D9D6F1DA2A6D419E00E50957 /* Debug */,
				D9D6F1DB2A6D419E00E50957 /* Release */,
			);
			defaultConfigurationIsVisible = 0;
			defaultConfigurationName = Release;
		};
/* End XCConfigurationList section */

/* Begin XCRemoteSwiftPackageReference section */
		D9A29B9A2A9267F0005AA6FB /* XCRemoteSwiftPackageReference "MessageKit" */ = {
			isa = XCRemoteSwiftPackageReference;
			repositoryURL = "https://github.com/MessageKit/MessageKit";
			requirement = {
				kind = upToNextMajorVersion;
				minimumVersion = 4.0.0;
			};
		};
		D9A9ADFD2A88010000955603 /* XCRemoteSwiftPackageReference "firebase-ios-sdk" */ = {
			isa = XCRemoteSwiftPackageReference;
			repositoryURL = "https://github.com/firebase/firebase-ios-sdk";
			requirement = {
				kind = upToNextMajorVersion;
				minimumVersion = 10.0.0;
			};
		};
/* End XCRemoteSwiftPackageReference section */

/* Begin XCSwiftPackageProductDependency section */
		D952A6C02A9A17A300745DE2 /* FirebaseAuth */ = {
			isa = XCSwiftPackageProductDependency;
			package = D9A9ADFD2A88010000955603 /* XCRemoteSwiftPackageReference "firebase-ios-sdk" */;
			productName = FirebaseAuth;
		};
		D952A6C22A9A17AA00745DE2 /* FirebaseFirestore */ = {
			isa = XCSwiftPackageProductDependency;
			package = D9A9ADFD2A88010000955603 /* XCRemoteSwiftPackageReference "firebase-ios-sdk" */;
			productName = FirebaseFirestore;
		};
		D952A6C42A9A17B300745DE2 /* FirebaseFirestoreSwift */ = {
			isa = XCSwiftPackageProductDependency;
			package = D9A9ADFD2A88010000955603 /* XCRemoteSwiftPackageReference "firebase-ios-sdk" */;
			productName = FirebaseFirestoreSwift;
		};
		D952A6C62A9A17BB00745DE2 /* MessageKit */ = {
			isa = XCSwiftPackageProductDependency;
			package = D9A29B9A2A9267F0005AA6FB /* XCRemoteSwiftPackageReference "MessageKit" */;
			productName = MessageKit;
		};
/* End XCSwiftPackageProductDependency section */
	};
	rootObject = D9D6F1BD2A6D419D00E50957 /* Project object */;
}
